github.com/brickingsoft/rxp v1.3.12 h1:YQ23MJYZUu7J5lZyF3FF7eheebva324iNI19F020M+M=
github.com/brickingsoft/rxp v1.3.12/go.mod h1:HYh1V8mVmyHEcCuW2AbVUH1AGTQKwXYwNFaBqq21BUI=
github.com/brickingsoft/rxp v1.3.13 h1:PNPZv8iPwKc45qbiSCpIciaqEEsqxwqMyFEH71G4N9Y=
github.com/brickingsoft/rxp v1.3.13/go.mod h1:HYh1V8mVmyHEcCuW2AbVUH1AGTQKwXYwNFaBqq21BUI=
github.com/brickingsoft/rxp v1.4.2 h1:nxLcFAj4cEgZXFyARjLCk459LALxmUoRc2Un96FVXR4=
github.com/brickingsoft/rxp v1.4.2/go.mod h1:HYh1V8mVmyHEcCuW2AbVUH1AGTQKwXYwNFaBqq21BUI=
github.com/brickingsoft/rxp v1.4.3 h1:whiaIklp6kZkwQXN/7jIbJsiqftwURWSTYNQENUS8Kc=
github.com/brickingsoft/rxp v1.4.3/go.mod h1:HYh1V8mVmyHEcCuW2AbVUH1AGTQKwXYwNFaBqq21BUI=
github.com/brickingsoft/rxp v1.4.4 h1:Bp3P6MwLlNhI5osgKzKtZrzWmdeuhGKmz6JK3qAImDg=
github.com/brickingsoft/rxp v1.4.4/go.mod h1:HYh1V8mVmyHEcCuW2AbVUH1AGTQKwXYwNFaBqq21BUI=
github.com/brickingsoft/rxp v1.5.0 h1:wgWUAaWWSOKBNucJS31zln/IF7xgHWfd0HMZzywAArs=
github.com/brickingsoft/rxp v1.5.0/go.mod h1:HYh1V8mVmyHEcCuW2AbVUH1AGTQKwXYwNFaBqq21BUI=
github.com/brickingsoft/rxp v1.5.2 h1:QPIYibQumaxu1z/5ch8SvZJUn8tqexndjoxgKWgG090=
github.com/brickingsoft/rxp v1.5.2/go.mod h1:HYh1V8mVmyHEcCuW2AbVUH1AGTQKwXYwNFaBqq21BUI=
github.com/brickingsoft/rxp v1.5.3 h1:ldThJtoeZl9zMbE9ASJuoxNQdnEX43VZO9wene6uNKM=
github.com/brickingsoft/rxp v1.5.3/go.mod h1:HYh1V8mVmyHEcCuW2AbVUH1AGTQKwXYwNFaBqq21BUI=
github.com/brickingsoft/rxp v1.5.4 h1:tw67/wqkhNopMRTqOSYVWFl/fnis2VMOHaY8YLvvHmU=
github.com/brickingsoft/rxp v1.5.4/go.mod h1:HYh1V8mVmyHEcCuW2AbVUH1AGTQKwXYwNFaBqq21BUI=
golang.org/x/crypto v0.31.0 h1:ihbySMvVjLAeSH1IbfcRTkD/iNscyz8rGzjF/E5hV6U=
golang.org/x/crypto v0.31.0/go.mod h1:kDsLvtWBEx7MV9tJOj9bnXsPbxwJQ6csT/x4KIN4Ssk=
golang.org/x/crypto v0.32.0 h1:euUpcYgM8WcP71gNpTqQCn6rC2t6ULUPiOzfWaXVVfc=
golang.org/x/crypto v0.32.0/go.mod h1:ZnnJkOaASj8g0AjIduWNlq2NRxL0PlBrbKVyZ6V/Ugc=
golang.org/x/sys v0.28.0 h1:Fksou7UEQUWlKvIdsqzJmUmCX3cZuD2+P3XyyzwMhlA=
golang.org/x/sys v0.28.0/go.mod h1:/VUhepiaJMQUp4+oa/7Zr1D23ma6VTLIYjOOTFZPUcA=
golang.org/x/sys v0.29.0 h1:TPYlXGxvx1MGTn2GiZDhnjPA9wZzZeGKHHmKhHYvgaU=
golang.org/x/sys v0.29.0/go.mod h1:/VUhepiaJMQUp4+oa/7Zr1D23ma6VTLIYjOOTFZPUcA=
