github.com/brickingsoft/errors v0.2.0 h1:SEUELWgEK7W1RJ6D2fByBi8J2ABQQ47ZPWy/LvYKH+M=
github.com/brickingsoft/errors v0.2.0/go.mod h1:+ZGtKnPnMv9/XAW7VzispebwortTnSn644MzdshvwnY=
github.com/brickingsoft/rxp v1.5.5 h1:arXV+umKoJ/hCbtMWb7KcCRf4HOB85Mo5GTqrna6w0o=
github.com/brickingsoft/rxp v1.5.5/go.mod h1:n/cKqfW4p5CG65nph3x1shEf/MeTuUB9w+41iQ1e64M=
golang.org/x/crypto v0.32.0 h1:euUpcYgM8WcP71gNpTqQCn6rC2t6ULUPiOzfWaXVVfc=
golang.org/x/crypto v0.32.0/go.mod h1:ZnnJkOaASj8g0AjIduWNlq2NRxL0PlBrbKVyZ6V/Ugc=
golang.org/x/sys v0.29.0 h1:TPYlXGxvx1MGTn2GiZDhnjPA9wZzZeGKHHmKhHYvgaU=
golang.org/x/sys v0.29.0/go.mod h1:/VUhepiaJMQUp4+oa/7Zr1D23ma6VTLIYjOOTFZPUcA=
